
Microsoft Visual Studio Solution File, Format Version 12.00
# Visual Studio Version 16
VisualStudioVersion = 16.0.29102.190
MinimumVisualStudioVersion = 10.0.40219.1
Project("{9A19103F-16F7-4668-BE54-9A1E7A4F7556}") = "FASTSHOP.Api", "FASTSHOP.Api\FASTSHOP.Api.csproj", "{EC8B506E-4658-47F2-8ED9-86582DC561A0}"
EndProject
Project("{9A19103F-16F7-4668-BE54-9A1E7A4F7556}") = "FASTSHOP.Api.Domain", "FASTSHOP.Api.Domain\FASTSHOP.Api.Domain.csproj", "{D041C0D8-A0F9-4451-A5AD-0A55AD3E3C83}"
EndProject
Project("{FAE04EC0-301F-11D3-BF4B-00C04F79EFBC}") = "FASTSHOP.Test", "FASTSHOP.Test\FASTSHOP.Test.csproj", "{D94D2A69-6F09-4FA6-9DC5-EBFA4DA4ED42}"
EndProject
Global
	GlobalSection(SolutionConfigurationPlatforms) = preSolution
		Debug|Any CPU = Debug|Any CPU
		Release|Any CPU = Release|Any CPU
	EndGlobalSection
	GlobalSection(ProjectConfigurationPlatforms) = postSolution
		{EC8B506E-4658-47F2-8ED9-86582DC561A0}.Debug|Any CPU.ActiveCfg = Debug|Any CPU
		{EC8B506E-4658-47F2-8ED9-86582DC561A0}.Debug|Any CPU.Build.0 = Debug|Any CPU
		{EC8B506E-4658-47F2-8ED9-86582DC561A0}.Release|Any CPU.ActiveCfg = Release|Any CPU
		{EC8B506E-4658-47F2-8ED9-86582DC561A0}.Release|Any CPU.Build.0 = Release|Any CPU
		{D041C0D8-A0F9-4451-A5AD-0A55AD3E3C83}.Debug|Any CPU.ActiveCfg = Debug|Any CPU
		{D041C0D8-A0F9-4451-A5AD-0A55AD3E3C83}.Debug|Any CPU.Build.0 = Debug|Any CPU
		{D041C0D8-A0F9-4451-A5AD-0A55AD3E3C83}.Release|Any CPU.ActiveCfg = Release|Any CPU
		{D041C0D8-A0F9-4451-A5AD-0A55AD3E3C83}.Release|Any CPU.Build.0 = Release|Any CPU
		{D94D2A69-6F09-4FA6-9DC5-EBFA4DA4ED42}.Debug|Any CPU.ActiveCfg = Debug|Any CPU
		{D94D2A69-6F09-4FA6-9DC5-EBFA4DA4ED42}.Debug|Any CPU.Build.0 = Debug|Any CPU
		{D94D2A69-6F09-4FA6-9DC5-EBFA4DA4ED42}.Release|Any CPU.ActiveCfg = Release|Any CPU
		{D94D2A69-6F09-4FA6-9DC5-EBFA4DA4ED42}.Release|Any CPU.Build.0 = Release|Any CPU
	EndGlobalSection
	GlobalSection(SolutionProperties) = preSolution
		HideSolutionNode = FALSE
	EndGlobalSection
	GlobalSection(ExtensibilityGlobals) = postSolution
		SolutionGuid = {7178CDDE-1F4D-4331-8085-3E0CD88B528A}
	EndGlobalSection
EndGlobal
